
Microsoft Visual Studio Solution File, Format Version 12.00
# Visual Studio Version 16
VisualStudioVersion = 16.0.29709.97
MinimumVisualStudioVersion = 10.0.40219.1
Project("{888888A0-9F3D-457C-B088-3A5042F75D52}") = "NeuroCurse", "NeuroCurse\NeuroCurse.pyproj", "{36417B55-9722-43A1-A88C-03EE45650AC5}"
EndProject
Global
	GlobalSection(SolutionConfigurationPlatforms) = preSolution
		Debug|Any CPU = Debug|Any CPU
		Release|Any CPU = Release|Any CPU
	EndGlobalSection
	GlobalSection(ProjectConfigurationPlatforms) = postSolution
		{36417B55-9722-43A1-A88C-03EE45650AC5}.Debug|Any CPU.ActiveCfg = Debug|Any CPU
		{36417B55-9722-43A1-A88C-03EE45650AC5}.Release|Any CPU.ActiveCfg = Release|Any CPU
	EndGlobalSection
	GlobalSection(SolutionProperties) = preSolution
		HideSolutionNode = FALSE
	EndGlobalSection
	GlobalSection(ExtensibilityGlobals) = postSolution
		SolutionGuid = {9C79EFB9-71B4-489E-A77B-FC493295CA88}
	EndGlobalSection
EndGlobal
