
Microsoft Visual Studio Solution File, Format Version 10.00
# Visual Studio 2008
Project("{8BC9CEB8-8B4A-11D0-8D11-00A0C91BC942}") = "1.11", "1.11\1.11.vcproj", "{77605D41-8A97-41F0-BD11-3D6962038D66}"
EndProject
Global
	GlobalSection(SolutionConfigurationPlatforms) = preSolution
		Debug|Win32 = Debug|Win32
		Release|Win32 = Release|Win32
	EndGlobalSection
	GlobalSection(ProjectConfigurationPlatforms) = postSolution
		{77605D41-8A97-41F0-BD11-3D6962038D66}.Debug|Win32.ActiveCfg = Debug|Win32
		{77605D41-8A97-41F0-BD11-3D6962038D66}.Debug|Win32.Build.0 = Debug|Win32
		{77605D41-8A97-41F0-BD11-3D6962038D66}.Release|Win32.ActiveCfg = Release|Win32
		{77605D41-8A97-41F0-BD11-3D6962038D66}.Release|Win32.Build.0 = Release|Win32
	EndGlobalSection
	GlobalSection(SolutionProperties) = preSolution
		HideSolutionNode = FALSE
	EndGlobalSection
EndGlobal
