
Microsoft Visual Studio Solution File, Format Version 12.00
# Visual Studio 15
VisualStudioVersion = 15.0.28307.960
MinimumVisualStudioVersion = 10.0.40219.1
Project("{FAE04EC0-301F-11D3-BF4B-00C04F79EFBC}") = "optimize", "optimize\optimize.csproj", "{B718E092-7100-4540-91B9-EDDF8303FC32}"
EndProject
Project("{FAE04EC0-301F-11D3-BF4B-00C04F79EFBC}") = "Классы (библиотека)", "..\..\..\..\Code\Классы\Классы (библиотека).csproj", "{CD3EEFDE-74ED-48DA-8E82-1E6ABAB1A140}"
EndProject
Project("{9A19103F-16F7-4668-BE54-9A1E7A4F7556}") = "OptimizeCore", "OptimizeCore\OptimizeCore.csproj", "{BD002542-534A-4614-87C4-D8912E08CA50}"
EndProject
Project("{FAE04EC0-301F-11D3-BF4B-00C04F79EFBC}") = "Тесты", "Тесты\Тесты.csproj", "{EF053A28-C709-47B7-B068-91857257A540}"
EndProject
Global
	GlobalSection(SolutionConfigurationPlatforms) = preSolution
		Debug|Any CPU = Debug|Any CPU
		Release|Any CPU = Release|Any CPU
	EndGlobalSection
	GlobalSection(ProjectConfigurationPlatforms) = postSolution
		{B718E092-7100-4540-91B9-EDDF8303FC32}.Debug|Any CPU.ActiveCfg = Debug|Any CPU
		{B718E092-7100-4540-91B9-EDDF8303FC32}.Debug|Any CPU.Build.0 = Debug|Any CPU
		{B718E092-7100-4540-91B9-EDDF8303FC32}.Release|Any CPU.ActiveCfg = Release|Any CPU
		{B718E092-7100-4540-91B9-EDDF8303FC32}.Release|Any CPU.Build.0 = Release|Any CPU
		{CD3EEFDE-74ED-48DA-8E82-1E6ABAB1A140}.Debug|Any CPU.ActiveCfg = Debug|Any CPU
		{CD3EEFDE-74ED-48DA-8E82-1E6ABAB1A140}.Debug|Any CPU.Build.0 = Debug|Any CPU
		{CD3EEFDE-74ED-48DA-8E82-1E6ABAB1A140}.Release|Any CPU.ActiveCfg = Release|Any CPU
		{CD3EEFDE-74ED-48DA-8E82-1E6ABAB1A140}.Release|Any CPU.Build.0 = Release|Any CPU
		{BD002542-534A-4614-87C4-D8912E08CA50}.Debug|Any CPU.ActiveCfg = Debug|Any CPU
		{BD002542-534A-4614-87C4-D8912E08CA50}.Debug|Any CPU.Build.0 = Debug|Any CPU
		{BD002542-534A-4614-87C4-D8912E08CA50}.Release|Any CPU.ActiveCfg = Release|Any CPU
		{BD002542-534A-4614-87C4-D8912E08CA50}.Release|Any CPU.Build.0 = Release|Any CPU
		{EF053A28-C709-47B7-B068-91857257A540}.Debug|Any CPU.ActiveCfg = Debug|Any CPU
		{EF053A28-C709-47B7-B068-91857257A540}.Debug|Any CPU.Build.0 = Debug|Any CPU
		{EF053A28-C709-47B7-B068-91857257A540}.Release|Any CPU.ActiveCfg = Release|Any CPU
		{EF053A28-C709-47B7-B068-91857257A540}.Release|Any CPU.Build.0 = Release|Any CPU
	EndGlobalSection
	GlobalSection(SolutionProperties) = preSolution
		HideSolutionNode = FALSE
	EndGlobalSection
	GlobalSection(ExtensibilityGlobals) = postSolution
		SolutionGuid = {B91C8316-FEBF-4111-81D6-E4CD91418213}
	EndGlobalSection
EndGlobal
