
Microsoft Visual Studio Solution File, Format Version 12.00
# Visual Studio 15
VisualStudioVersion = 15.0.28307.852
MinimumVisualStudioVersion = 10.0.40219.1
Project("{FAE04EC0-301F-11D3-BF4B-00C04F79EFBC}") = "Inheritance.MapObjects", "Inheritance.MapObjects.csproj", "{036E786D-084D-4978-AE5F-B28A1DDCEB25}"
EndProject
Global
	GlobalSection(SolutionConfigurationPlatforms) = preSolution
		Debug|Any CPU = Debug|Any CPU
		Release|Any CPU = Release|Any CPU
	EndGlobalSection
	GlobalSection(ProjectConfigurationPlatforms) = postSolution
		{036E786D-084D-4978-AE5F-B28A1DDCEB25}.Debug|Any CPU.ActiveCfg = Debug|Any CPU
		{036E786D-084D-4978-AE5F-B28A1DDCEB25}.Debug|Any CPU.Build.0 = Debug|Any CPU
		{036E786D-084D-4978-AE5F-B28A1DDCEB25}.Release|Any CPU.ActiveCfg = Release|Any CPU
		{036E786D-084D-4978-AE5F-B28A1DDCEB25}.Release|Any CPU.Build.0 = Release|Any CPU
	EndGlobalSection
	GlobalSection(SolutionProperties) = preSolution
		HideSolutionNode = FALSE
	EndGlobalSection
	GlobalSection(ExtensibilityGlobals) = postSolution
		SolutionGuid = {E26F19E4-9260-4F8E-B48F-07640E4D2787}
	EndGlobalSection
EndGlobal
