
Microsoft Visual Studio Solution File, Format Version 12.00
# Visual Studio 15
VisualStudioVersion = 15.0.28307.852
MinimumVisualStudioVersion = 10.0.40219.1
Project("{FAE04EC0-301F-11D3-BF4B-00C04F79EFBC}") = "Generics.BinaryTrees", "Generics.BinaryTrees.csproj", "{59039D80-8666-4CB5-9B27-1D23220C8E4D}"
EndProject
Global
	GlobalSection(SolutionConfigurationPlatforms) = preSolution
		Debug|Any CPU = Debug|Any CPU
		Release|Any CPU = Release|Any CPU
	EndGlobalSection
	GlobalSection(ProjectConfigurationPlatforms) = postSolution
		{59039D80-8666-4CB5-9B27-1D23220C8E4D}.Debug|Any CPU.ActiveCfg = Debug|Any CPU
		{59039D80-8666-4CB5-9B27-1D23220C8E4D}.Debug|Any CPU.Build.0 = Debug|Any CPU
		{59039D80-8666-4CB5-9B27-1D23220C8E4D}.Release|Any CPU.ActiveCfg = Release|Any CPU
		{59039D80-8666-4CB5-9B27-1D23220C8E4D}.Release|Any CPU.Build.0 = Release|Any CPU
	EndGlobalSection
	GlobalSection(SolutionProperties) = preSolution
		HideSolutionNode = FALSE
	EndGlobalSection
	GlobalSection(ExtensibilityGlobals) = postSolution
		SolutionGuid = {4D6B9ECC-4067-4FD1-A39D-35C7D6B768A1}
	EndGlobalSection
EndGlobal
