
Microsoft Visual Studio Solution File, Format Version 10.00
# Visual Studio 2008
Project("{8BC9CEB8-8B4A-11D0-8D11-00A0C91BC942}") = "312", "312\312.vcproj", "{CF503305-E3A1-4FC1-8C2F-BDE501EBC521}"
EndProject
Global
	GlobalSection(SolutionConfigurationPlatforms) = preSolution
		Debug|Win32 = Debug|Win32
		Release|Win32 = Release|Win32
	EndGlobalSection
	GlobalSection(ProjectConfigurationPlatforms) = postSolution
		{CF503305-E3A1-4FC1-8C2F-BDE501EBC521}.Debug|Win32.ActiveCfg = Debug|Win32
		{CF503305-E3A1-4FC1-8C2F-BDE501EBC521}.Debug|Win32.Build.0 = Debug|Win32
		{CF503305-E3A1-4FC1-8C2F-BDE501EBC521}.Release|Win32.ActiveCfg = Release|Win32
		{CF503305-E3A1-4FC1-8C2F-BDE501EBC521}.Release|Win32.Build.0 = Release|Win32
	EndGlobalSection
	GlobalSection(SolutionProperties) = preSolution
		HideSolutionNode = FALSE
	EndGlobalSection
EndGlobal
