
Microsoft Visual Studio Solution File, Format Version 12.00
# Visual Studio 15
VisualStudioVersion = 15.0.28307.852
MinimumVisualStudioVersion = 10.0.40219.1
Project("{FAE04EC0-301F-11D3-BF4B-00C04F79EFBC}") = "Incapsulation.EnterpriseTask", "Incapsulation.EnterpriseTask.csproj", "{5A8392DD-1291-4D97-9F1C-665C68A4416C}"
EndProject
Global
	GlobalSection(SolutionConfigurationPlatforms) = preSolution
		Debug|Any CPU = Debug|Any CPU
		Release|Any CPU = Release|Any CPU
	EndGlobalSection
	GlobalSection(ProjectConfigurationPlatforms) = postSolution
		{5A8392DD-1291-4D97-9F1C-665C68A4416C}.Debug|Any CPU.ActiveCfg = Debug|Any CPU
		{5A8392DD-1291-4D97-9F1C-665C68A4416C}.Debug|Any CPU.Build.0 = Debug|Any CPU
		{5A8392DD-1291-4D97-9F1C-665C68A4416C}.Release|Any CPU.ActiveCfg = Release|Any CPU
		{5A8392DD-1291-4D97-9F1C-665C68A4416C}.Release|Any CPU.Build.0 = Release|Any CPU
	EndGlobalSection
	GlobalSection(SolutionProperties) = preSolution
		HideSolutionNode = FALSE
	EndGlobalSection
	GlobalSection(ExtensibilityGlobals) = postSolution
		SolutionGuid = {DAB5318A-EBDC-4ED7-B0DF-7A43BD5769AF}
	EndGlobalSection
EndGlobal
