
Microsoft Visual Studio Solution File, Format Version 10.00
# Visual Studio 2008
Project("{8BC9CEB8-8B4A-11D0-8D11-00A0C91BC942}") = "ккк", "ккк\ккк.vcproj", "{B81ADE10-8BEA-4AF4-8634-B93F21319B2C}"
EndProject
Global
	GlobalSection(SolutionConfigurationPlatforms) = preSolution
		Debug|Win32 = Debug|Win32
		Release|Win32 = Release|Win32
	EndGlobalSection
	GlobalSection(ProjectConfigurationPlatforms) = postSolution
		{B81ADE10-8BEA-4AF4-8634-B93F21319B2C}.Debug|Win32.ActiveCfg = Debug|Win32
		{B81ADE10-8BEA-4AF4-8634-B93F21319B2C}.Debug|Win32.Build.0 = Debug|Win32
		{B81ADE10-8BEA-4AF4-8634-B93F21319B2C}.Release|Win32.ActiveCfg = Release|Win32
		{B81ADE10-8BEA-4AF4-8634-B93F21319B2C}.Release|Win32.Build.0 = Release|Win32
	EndGlobalSection
	GlobalSection(SolutionProperties) = preSolution
		HideSolutionNode = FALSE
	EndGlobalSection
EndGlobal
