
Microsoft Visual Studio Solution File, Format Version 10.00
# Visual Studio 2008
Project("{8BC9CEB8-8B4A-11D0-8D11-00A0C91BC942}") = "302", "302\302.vcproj", "{278832B1-2A80-4BED-9ACF-8990463F4CE7}"
EndProject
Global
	GlobalSection(SolutionConfigurationPlatforms) = preSolution
		Debug|Win32 = Debug|Win32
		Release|Win32 = Release|Win32
	EndGlobalSection
	GlobalSection(ProjectConfigurationPlatforms) = postSolution
		{278832B1-2A80-4BED-9ACF-8990463F4CE7}.Debug|Win32.ActiveCfg = Debug|Win32
		{278832B1-2A80-4BED-9ACF-8990463F4CE7}.Debug|Win32.Build.0 = Debug|Win32
		{278832B1-2A80-4BED-9ACF-8990463F4CE7}.Release|Win32.ActiveCfg = Release|Win32
		{278832B1-2A80-4BED-9ACF-8990463F4CE7}.Release|Win32.Build.0 = Release|Win32
	EndGlobalSection
	GlobalSection(SolutionProperties) = preSolution
		HideSolutionNode = FALSE
	EndGlobalSection
EndGlobal
