
Microsoft Visual Studio Solution File, Format Version 10.00
# Visual Studio 2008
Project("{8BC9CEB8-8B4A-11D0-8D11-00A0C91BC942}") = "number 2", "number 2\number 2.vcproj", "{C9EB76DE-D740-4FFA-9BE1-F2A698CA3EF4}"
EndProject
Global
	GlobalSection(SolutionConfigurationPlatforms) = preSolution
		Debug|Win32 = Debug|Win32
		Release|Win32 = Release|Win32
	EndGlobalSection
	GlobalSection(ProjectConfigurationPlatforms) = postSolution
		{C9EB76DE-D740-4FFA-9BE1-F2A698CA3EF4}.Debug|Win32.ActiveCfg = Debug|Win32
		{C9EB76DE-D740-4FFA-9BE1-F2A698CA3EF4}.Debug|Win32.Build.0 = Debug|Win32
		{C9EB76DE-D740-4FFA-9BE1-F2A698CA3EF4}.Release|Win32.ActiveCfg = Release|Win32
		{C9EB76DE-D740-4FFA-9BE1-F2A698CA3EF4}.Release|Win32.Build.0 = Release|Win32
	EndGlobalSection
	GlobalSection(SolutionProperties) = preSolution
		HideSolutionNode = FALSE
	EndGlobalSection
EndGlobal
