
Microsoft Visual Studio Solution File, Format Version 12.00
# Visual Studio 15
VisualStudioVersion = 15.0.28307.852
MinimumVisualStudioVersion = 10.0.40219.1
Project("{FAE04EC0-301F-11D3-BF4B-00C04F79EFBC}") = "Incapsulation.RationalNumbers", "Incapsulation.RationalNumbers.csproj", "{86F4F4AD-2459-425B-B99C-5D5B499437C1}"
EndProject
Global
	GlobalSection(SolutionConfigurationPlatforms) = preSolution
		Debug|Any CPU = Debug|Any CPU
		Release|Any CPU = Release|Any CPU
	EndGlobalSection
	GlobalSection(ProjectConfigurationPlatforms) = postSolution
		{86F4F4AD-2459-425B-B99C-5D5B499437C1}.Debug|Any CPU.ActiveCfg = Debug|Any CPU
		{86F4F4AD-2459-425B-B99C-5D5B499437C1}.Debug|Any CPU.Build.0 = Debug|Any CPU
		{86F4F4AD-2459-425B-B99C-5D5B499437C1}.Release|Any CPU.ActiveCfg = Release|Any CPU
		{86F4F4AD-2459-425B-B99C-5D5B499437C1}.Release|Any CPU.Build.0 = Release|Any CPU
	EndGlobalSection
	GlobalSection(SolutionProperties) = preSolution
		HideSolutionNode = FALSE
	EndGlobalSection
	GlobalSection(ExtensibilityGlobals) = postSolution
		SolutionGuid = {7EF12F8D-059B-4F2D-8F3F-245EA3C5C7D4}
	EndGlobalSection
EndGlobal
