
Microsoft Visual Studio Solution File, Format Version 12.00
# Visual Studio 15
VisualStudioVersion = 15.0.28307.960
MinimumVisualStudioVersion = 10.0.40219.1
Project("{FAE04EC0-301F-11D3-BF4B-00C04F79EFBC}") = "Покоординатная минимизация", "Покоординатная минимизация\Покоординатная минимизация.csproj", "{068345A2-F346-4EA2-917C-64BEF6D5AC65}"
EndProject
Project("{FAE04EC0-301F-11D3-BF4B-00C04F79EFBC}") = "Форма", "Форма\Форма.csproj", "{31232B3F-1683-4F85-876D-1BBA38EFB4D7}"
EndProject
Project("{FAE04EC0-301F-11D3-BF4B-00C04F79EFBC}") = "Классы (библиотека)", "..\..\..\..\Code\Классы\Классы (библиотека).csproj", "{CD3EEFDE-74ED-48DA-8E82-1E6ABAB1A140}"
EndProject
Global
	GlobalSection(SolutionConfigurationPlatforms) = preSolution
		Debug|Any CPU = Debug|Any CPU
		Release|Any CPU = Release|Any CPU
	EndGlobalSection
	GlobalSection(ProjectConfigurationPlatforms) = postSolution
		{068345A2-F346-4EA2-917C-64BEF6D5AC65}.Debug|Any CPU.ActiveCfg = Debug|Any CPU
		{068345A2-F346-4EA2-917C-64BEF6D5AC65}.Debug|Any CPU.Build.0 = Debug|Any CPU
		{068345A2-F346-4EA2-917C-64BEF6D5AC65}.Release|Any CPU.ActiveCfg = Release|Any CPU
		{068345A2-F346-4EA2-917C-64BEF6D5AC65}.Release|Any CPU.Build.0 = Release|Any CPU
		{31232B3F-1683-4F85-876D-1BBA38EFB4D7}.Debug|Any CPU.ActiveCfg = Debug|Any CPU
		{31232B3F-1683-4F85-876D-1BBA38EFB4D7}.Debug|Any CPU.Build.0 = Debug|Any CPU
		{31232B3F-1683-4F85-876D-1BBA38EFB4D7}.Release|Any CPU.ActiveCfg = Release|Any CPU
		{31232B3F-1683-4F85-876D-1BBA38EFB4D7}.Release|Any CPU.Build.0 = Release|Any CPU
		{CD3EEFDE-74ED-48DA-8E82-1E6ABAB1A140}.Debug|Any CPU.ActiveCfg = Debug|Any CPU
		{CD3EEFDE-74ED-48DA-8E82-1E6ABAB1A140}.Debug|Any CPU.Build.0 = Debug|Any CPU
		{CD3EEFDE-74ED-48DA-8E82-1E6ABAB1A140}.Release|Any CPU.ActiveCfg = Release|Any CPU
		{CD3EEFDE-74ED-48DA-8E82-1E6ABAB1A140}.Release|Any CPU.Build.0 = Release|Any CPU
	EndGlobalSection
	GlobalSection(SolutionProperties) = preSolution
		HideSolutionNode = FALSE
	EndGlobalSection
	GlobalSection(ExtensibilityGlobals) = postSolution
		SolutionGuid = {7365798A-4DCB-4DE5-AB4D-42C6859E4E1A}
	EndGlobalSection
EndGlobal
