
Microsoft Visual Studio Solution File, Format Version 10.00
# Visual Studio 2008
Project("{8BC9CEB8-8B4A-11D0-8D11-00A0C91BC942}") = "задание 4", "задание 4\задание 4.vcproj", "{C77DC6B0-3C1F-494D-8812-4D72D590F9EC}"
EndProject
Global
	GlobalSection(SolutionConfigurationPlatforms) = preSolution
		Debug|Win32 = Debug|Win32
		Release|Win32 = Release|Win32
	EndGlobalSection
	GlobalSection(ProjectConfigurationPlatforms) = postSolution
		{C77DC6B0-3C1F-494D-8812-4D72D590F9EC}.Debug|Win32.ActiveCfg = Debug|Win32
		{C77DC6B0-3C1F-494D-8812-4D72D590F9EC}.Debug|Win32.Build.0 = Debug|Win32
		{C77DC6B0-3C1F-494D-8812-4D72D590F9EC}.Release|Win32.ActiveCfg = Release|Win32
		{C77DC6B0-3C1F-494D-8812-4D72D590F9EC}.Release|Win32.Build.0 = Release|Win32
	EndGlobalSection
	GlobalSection(SolutionProperties) = preSolution
		HideSolutionNode = FALSE
	EndGlobalSection
EndGlobal
