
Microsoft Visual Studio Solution File, Format Version 12.00
# Visual Studio 15
VisualStudioVersion = 15.0.28307.852
MinimumVisualStudioVersion = 10.0.40219.1
Project("{FAE04EC0-301F-11D3-BF4B-00C04F79EFBC}") = "Delegates.Reports", "Delegates.Reports.csproj", "{EFC39780-2E5B-4C21-8605-8C21B4DFA19F}"
EndProject
Global
	GlobalSection(SolutionConfigurationPlatforms) = preSolution
		Debug|Any CPU = Debug|Any CPU
		Release|Any CPU = Release|Any CPU
	EndGlobalSection
	GlobalSection(ProjectConfigurationPlatforms) = postSolution
		{EFC39780-2E5B-4C21-8605-8C21B4DFA19F}.Debug|Any CPU.ActiveCfg = Debug|Any CPU
		{EFC39780-2E5B-4C21-8605-8C21B4DFA19F}.Debug|Any CPU.Build.0 = Debug|Any CPU
		{EFC39780-2E5B-4C21-8605-8C21B4DFA19F}.Release|Any CPU.ActiveCfg = Release|Any CPU
		{EFC39780-2E5B-4C21-8605-8C21B4DFA19F}.Release|Any CPU.Build.0 = Release|Any CPU
	EndGlobalSection
	GlobalSection(SolutionProperties) = preSolution
		HideSolutionNode = FALSE
	EndGlobalSection
	GlobalSection(ExtensibilityGlobals) = postSolution
		SolutionGuid = {92993E06-DC0E-446A-8092-609A58EC539C}
	EndGlobalSection
EndGlobal
