
Microsoft Visual Studio Solution File, Format Version 10.00
# Visual Studio 2008
Project("{8BC9CEB8-8B4A-11D0-8D11-00A0C91BC942}") = "318", "318\318.vcproj", "{88A5B8DA-8A32-4AAA-BB61-ACB52CD88840}"
EndProject
Global
	GlobalSection(SolutionConfigurationPlatforms) = preSolution
		Debug|Win32 = Debug|Win32
		Release|Win32 = Release|Win32
	EndGlobalSection
	GlobalSection(ProjectConfigurationPlatforms) = postSolution
		{88A5B8DA-8A32-4AAA-BB61-ACB52CD88840}.Debug|Win32.ActiveCfg = Debug|Win32
		{88A5B8DA-8A32-4AAA-BB61-ACB52CD88840}.Debug|Win32.Build.0 = Debug|Win32
		{88A5B8DA-8A32-4AAA-BB61-ACB52CD88840}.Release|Win32.ActiveCfg = Release|Win32
		{88A5B8DA-8A32-4AAA-BB61-ACB52CD88840}.Release|Win32.Build.0 = Release|Win32
	EndGlobalSection
	GlobalSection(SolutionProperties) = preSolution
		HideSolutionNode = FALSE
	EndGlobalSection
EndGlobal
