
Microsoft Visual Studio Solution File, Format Version 10.00
# Visual Studio 2008
Project("{8BC9CEB8-8B4A-11D0-8D11-00A0C91BC942}") = "задание 7", "задание 7\задание 7.vcproj", "{CACB319F-C045-49B0-A1BA-EBB0D0378305}"
EndProject
Global
	GlobalSection(SolutionConfigurationPlatforms) = preSolution
		Debug|Win32 = Debug|Win32
		Release|Win32 = Release|Win32
	EndGlobalSection
	GlobalSection(ProjectConfigurationPlatforms) = postSolution
		{CACB319F-C045-49B0-A1BA-EBB0D0378305}.Debug|Win32.ActiveCfg = Debug|Win32
		{CACB319F-C045-49B0-A1BA-EBB0D0378305}.Debug|Win32.Build.0 = Debug|Win32
		{CACB319F-C045-49B0-A1BA-EBB0D0378305}.Release|Win32.ActiveCfg = Release|Win32
		{CACB319F-C045-49B0-A1BA-EBB0D0378305}.Release|Win32.Build.0 = Release|Win32
	EndGlobalSection
	GlobalSection(SolutionProperties) = preSolution
		HideSolutionNode = FALSE
	EndGlobalSection
EndGlobal
